// !$*UTF8*$!
{
	archiveVersion = 1;
	classes = {
	};
	objectVersion = 52;
	objects = {

/* Begin PBXBuildFile section */
		AC10BCA62293F9EE0086E59F /* AppDelegate.swift in Sources */ = {isa = PBXBuildFile; fileRef = AC10BCA52293F9EE0086E59F /* AppDelegate.swift */; };
		AC10BCA82293F9EE0086E59F /* ImagesListViewController.swift in Sources */ = {isa = PBXBuildFile; fileRef = AC10BCA72293F9EE0086E59F /* ImagesListViewController.swift */; };
		AC10BCAB2293F9EE0086E59F /* Main.storyboard in Resources */ = {isa = PBXBuildFile; fileRef = AC10BCA92293F9EE0086E59F /* Main.storyboard */; };
		AC10BCAD2293F9EF0086E59F /* Assets.xcassets in Resources */ = {isa = PBXBuildFile; fileRef = AC10BCAC2293F9EF0086E59F /* Assets.xcassets */; };
		AC10BCB02293F9EF0086E59F /* LaunchScreen.storyboard in Resources */ = {isa = PBXBuildFile; fileRef = AC10BCAE2293F9EF0086E59F /* LaunchScreen.storyboard */; };
		AC10BCB82293FB020086E59F /* Network.swift in Sources */ = {isa = PBXBuildFile; fileRef = AC10BCB72293FB020086E59F /* Network.swift */; };
		AC10BCBA2293FC7D0086E59F /* ImagesMorphemes.swift in Sources */ = {isa = PBXBuildFile; fileRef = AC10BCB92293FC7D0086E59F /* ImagesMorphemes.swift */; };
		AC10BCBE2294155D0086E59F /* ImagesListViewModel.swift in Sources */ = {isa = PBXBuildFile; fileRef = AC10BCBD2294155D0086E59F /* ImagesListViewModel.swift */; };
		AC10BCC2229434F80086E59F /* ImagesListCell.swift in Sources */ = {isa = PBXBuildFile; fileRef = AC10BCC1229434F80086E59F /* ImagesListCell.swift */; };
		AC186EB127A4DF84009E65DF /* Kingfisher in Frameworks */ = {isa = PBXBuildFile; productRef = AC186EB027A4DF84009E65DF /* Kingfisher */; };
/* End PBXBuildFile section */

/* Begin PBXFileReference section */
		AC10BCA22293F9EE0086E59F /* DreamBrokerTest.app */ = {isa = PBXFileReference; explicitFileType = wrapper.application; includeInIndex = 0; path = DreamBrokerTest.app; sourceTree = BUILT_PRODUCTS_DIR; };
		AC10BCA52293F9EE0086E59F /* AppDelegate.swift */ = {isa = PBXFileReference; lastKnownFileType = sourcecode.swift; path = AppDelegate.swift; sourceTree = "<group>"; };
		AC10BCA72293F9EE0086E59F /* ImagesListViewController.swift */ = {isa = PBXFileReference; lastKnownFileType = sourcecode.swift; path = ImagesListViewController.swift; sourceTree = "<group>"; };
		AC10BCAA2293F9EE0086E59F /* Base */ = {isa = PBXFileReference; lastKnownFileType = file.storyboard; name = Base; path = Base.lproj/Main.storyboard; sourceTree = "<group>"; };
		AC10BCAC2293F9EF0086E59F /* Assets.xcassets */ = {isa = PBXFileReference; lastKnownFileType = folder.assetcatalog; path = Assets.xcassets; sourceTree = "<group>"; };
		AC10BCAF2293F9EF0086E59F /* Base */ = {isa = PBXFileReference; lastKnownFileType = file.storyboard; name = Base; path = Base.lproj/LaunchScreen.storyboard; sourceTree = "<group>"; };
		AC10BCB12293F9EF0086E59F /* Info.plist */ = {isa = PBXFileReference; lastKnownFileType = text.plist.xml; path = Info.plist; sourceTree = "<group>"; };
		AC10BCB72293FB020086E59F /* Network.swift */ = {isa = PBXFileReference; lastKnownFileType = sourcecode.swift; path = Network.swift; sourceTree = "<group>"; };
		AC10BCB92293FC7D0086E59F /* ImagesMorphemes.swift */ = {isa = PBXFileReference; lastKnownFileType = sourcecode.swift; path = ImagesMorphemes.swift; sourceTree = "<group>"; };
		AC10BCBD2294155D0086E59F /* ImagesListViewModel.swift */ = {isa = PBXFileReference; lastKnownFileType = sourcecode.swift; path = ImagesListViewModel.swift; sourceTree = "<group>"; };
		AC10BCC1229434F80086E59F /* ImagesListCell.swift */ = {isa = PBXFileReference; lastKnownFileType = sourcecode.swift; path = ImagesListCell.swift; sourceTree = "<group>"; };
		AC186EB227A4E255009E65DF /* README.md */ = {isa = PBXFileReference; lastKnownFileType = net.daringfireball.markdown; name = README.md; path = ../README.md; sourceTree = "<group>"; };
/* End PBXFileReference section */

/* Begin PBXFrameworksBuildPhase section */
		AC10BC9F2293F9EE0086E59F /* Frameworks */ = {
			isa = PBXFrameworksBuildPhase;
			buildActionMask = 2147483647;
			files = (
				AC186EB127A4DF84009E65DF /* Kingfisher in Frameworks */,
			);
			runOnlyForDeploymentPostprocessing = 0;
		};
/* End PBXFrameworksBuildPhase section */

/* Begin PBXGroup section */
		AC10BC992293F9EE0086E59F = {
			isa = PBXGroup;
			children = (
				AC186EB227A4E255009E65DF /* README.md */,
				AC10BCA42293F9EE0086E59F /* DreamBrokerTest */,
				AC10BCA32293F9EE0086E59F /* Products */,
			);
			sourceTree = "<group>";
		};
		AC10BCA32293F9EE0086E59F /* Products */ = {
			isa = PBXGroup;
			children = (
				AC10BCA22293F9EE0086E59F /* DreamBrokerTest.app */,
			);
			name = Products;
			sourceTree = "<group>";
		};
		AC10BCA42293F9EE0086E59F /* DreamBrokerTest */ = {
			isa = PBXGroup;
			children = (
				AC10BCA52293F9EE0086E59F /* AppDelegate.swift */,
				AC10BCB72293FB020086E59F /* Network.swift */,
				AC10BCB92293FC7D0086E59F /* ImagesMorphemes.swift */,
				AC10BCA72293F9EE0086E59F /* ImagesListViewController.swift */,
				AC10BCBD2294155D0086E59F /* ImagesListViewModel.swift */,
				AC10BCC1229434F80086E59F /* ImagesListCell.swift */,
				AC10BCA92293F9EE0086E59F /* Main.storyboard */,
				AC10BCAC2293F9EF0086E59F /* Assets.xcassets */,
				AC10BCAE2293F9EF0086E59F /* LaunchScreen.storyboard */,
				AC10BCB12293F9EF0086E59F /* Info.plist */,
			);
			path = DreamBrokerTest;
			sourceTree = "<group>";
		};
/* End PBXGroup section */

/* Begin PBXNativeTarget section */
		AC10BCA12293F9EE0086E59F /* DreamBrokerTest */ = {
			isa = PBXNativeTarget;
			buildConfigurationList = AC10BCB42293F9EF0086E59F /* Build configuration list for PBXNativeTarget "DreamBrokerTest" */;
			buildPhases = (
				AC10BC9E2293F9EE0086E59F /* Sources */,
				AC10BC9F2293F9EE0086E59F /* Frameworks */,
				AC10BCA02293F9EE0086E59F /* Resources */,
			);
			buildRules = (
			);
			dependencies = (
			);
			name = DreamBrokerTest;
			packageProductDependencies = (
				AC186EB027A4DF84009E65DF /* Kingfisher */,
			);
			productName = DreamBrokerTest;
			productReference = AC10BCA22293F9EE0086E59F /* DreamBrokerTest.app */;
			productType = "com.apple.product-type.application";
		};
/* End PBXNativeTarget section */

/* Begin PBXProject section */
		AC10BC9A2293F9EE0086E59F /* Project object */ = {
			isa = PBXProject;
			attributes = {
				LastSwiftUpdateCheck = 1020;
				LastUpgradeCheck = 1020;
				ORGANIZATIONNAME = "Artem Abramov";
				TargetAttributes = {
					AC10BCA12293F9EE0086E59F = {
						CreatedOnToolsVersion = 10.2.1;
					};
				};
			};
			buildConfigurationList = AC10BC9D2293F9EE0086E59F /* Build configuration list for PBXProject "DreamBrokerTest" */;
			compatibilityVersion = "Xcode 9.3";
			developmentRegion = en;
			hasScannedForEncodings = 0;
			knownRegions = (
				en,
				Base,
			);
			mainGroup = AC10BC992293F9EE0086E59F;
			packageReferences = (
				AC186EAF27A4DF84009E65DF /* XCRemoteSwiftPackageReference "Kingfisher" */,
			);
			productRefGroup = AC10BCA32293F9EE0086E59F /* Products */;
			projectDirPath = "";
			projectRoot = "";
			targets = (
				AC10BCA12293F9EE0086E59F /* DreamBrokerTest */,
			);
		};
/* End PBXProject section */

/* Begin PBXResourcesBuildPhase section */
		AC10BCA02293F9EE0086E59F /* Resources */ = {
			isa = PBXResourcesBuildPhase;
			buildActionMask = 2147483647;
			files = (
				AC10BCB02293F9EF0086E59F /* LaunchScreen.storyboard in Resources */,
				AC10BCAD2293F9EF0086E59F /* Assets.xcassets in Resources */,
				AC10BCAB2293F9EE0086E59F /* Main.storyboard in Resources */,
			);
			runOnlyForDeploymentPostprocessing = 0;
		};
/* End PBXResourcesBuildPhase section */

/* Begin PBXSourcesBuildPhase section */
		AC10BC9E2293F9EE0086E59F /* Sources */ = {
			isa = PBXSourcesBuildPhase;
			buildActionMask = 2147483647;
			files = (
				AC10BCA82293F9EE0086E59F /* ImagesListViewController.swift in Sources */,
				AC10BCA62293F9EE0086E59F /* AppDelegate.swift in Sources */,
				AC10BCBE2294155D0086E59F /* ImagesListViewModel.swift in Sources */,
				AC10BCBA2293FC7D0086E59F /* ImagesMorphemes.swift in Sources */,
				AC10BCB82293FB020086E59F /* Network.swift in Sources */,
				AC10BCC2229434F80086E59F /* ImagesListCell.swift in Sources */,
			);
			runOnlyForDeploymentPostprocessing = 0;
		};
/* End PBXSourcesBuildPhase section */

/* Begin PBXVariantGroup section */
		AC10BCA92293F9EE0086E59F /* Main.storyboard */ = {
			isa = PBXVariantGroup;
			children = (
				AC10BCAA2293F9EE0086E59F /* Base */,
			);
			name = Main.storyboard;
			sourceTree = "<group>";
		};
		AC10BCAE2293F9EF0086E59F /* LaunchScreen.storyboard */ = {
			isa = PBXVariantGroup;
			children = (
				AC10BCAF2293F9EF0086E59F /* Base */,
			);
			name = LaunchScreen.storyboard;
			sourceTree = "<group>";
		};
/* End PBXVariantGroup section */

/* Begin XCBuildConfiguration section */
		AC10BCB22293F9EF0086E59F /* Debug */ = {
			isa = XCBuildConfiguration;
			buildSettings = {
				ALWAYS_SEARCH_USER_PATHS = NO;
				CLANG_ANALYZER_NONNULL = YES;
				CLANG_ANALYZER_NUMBER_OBJECT_CONVERSION = YES_AGGRESSIVE;
				CLANG_CXX_LANGUAGE_STANDARD = "gnu++14";
				CLANG_CXX_LIBRARY = "libc++";
				CLANG_ENABLE_MODULES = YES;
				CLANG_ENABLE_OBJC_ARC = YES;
				CLANG_ENABLE_OBJC_WEAK = YES;
				CLANG_WARN_BLOCK_CAPTURE_AUTORELEASING = YES;
				CLANG_WARN_BOOL_CONVERSION = YES;
				CLANG_WARN_COMMA = YES;
				CLANG_WARN_CONSTANT_CONVERSION = YES;
				CLANG_WARN_DEPRECATED_OBJC_IMPLEMENTATIONS = YES;
				CLANG_WARN_DIRECT_OBJC_ISA_USAGE = YES_ERROR;
				CLANG_WARN_DOCUMENTATION_COMMENTS = YES;
				CLANG_WARN_EMPTY_BODY = YES;
				CLANG_WARN_ENUM_CONVERSION = YES;
				CLANG_WARN_INFINITE_RECURSION = YES;
				CLANG_WARN_INT_CONVERSION = YES;
				CLANG_WARN_NON_LITERAL_NULL_CONVERSION = YES;
				CLANG_WARN_OBJC_IMPLICIT_RETAIN_SELF = YES;
				CLANG_WARN_OBJC_LITERAL_CONVERSION = YES;
				CLANG_WARN_OBJC_ROOT_CLASS = YES_ERROR;
				CLANG_WARN_RANGE_LOOP_ANALYSIS = YES;
				CLANG_WARN_STRICT_PROTOTYPES = YES;
				CLANG_WARN_SUSPICIOUS_MOVE = YES;
				CLANG_WARN_UNGUARDED_AVAILABILITY = YES_AGGRESSIVE;
				CLANG_WARN_UNREACHABLE_CODE = YES;
				CLANG_WARN__DUPLICATE_METHOD_MATCH = YES;
				CODE_SIGN_IDENTITY = "iPhone Developer";
				COPY_PHASE_STRIP = NO;
				DEBUG_INFORMATION_FORMAT = dwarf;
				ENABLE_STRICT_OBJC_MSGSEND = YES;
				ENABLE_TESTABILITY = YES;
				GCC_C_LANGUAGE_STANDARD = gnu11;
				GCC_DYNAMIC_NO_PIC = NO;
				GCC_NO_COMMON_BLOCKS = YES;
				GCC_OPTIMIZATION_LEVEL = 0;
				GCC_PREPROCESSOR_DEFINITIONS = (
					"DEBUG=1",
					"$(inherited)",
				);
				GCC_WARN_64_TO_32_BIT_CONVERSION = YES;
				GCC_WARN_ABOUT_RETURN_TYPE = YES_ERROR;
				GCC_WARN_UNDECLARED_SELECTOR = YES;
				GCC_WARN_UNINITIALIZED_AUTOS = YES_AGGRESSIVE;
				GCC_WARN_UNUSED_FUNCTION = YES;
				GCC_WARN_UNUSED_VARIABLE = YES;
				IPHONEOS_DEPLOYMENT_TARGET = 15.0;
				MTL_ENABLE_DEBUG_INFO = INCLUDE_SOURCE;
				MTL_FAST_MATH = YES;
				ONLY_ACTIVE_ARCH = YES;
				SDKROOT = iphoneos;
				SWIFT_ACTIVE_COMPILATION_CONDITIONS = DEBUG;
				SWIFT_OPTIMIZATION_LEVEL = "-Onone";
			};
			name = Debug;
		};
		AC10BCB32293F9EF0086E59F /* Release */ = {
			isa = XCBuildConfiguration;
			buildSettings = {
				ALWAYS_SEARCH_USER_PATHS = NO;
				CLANG_ANALYZER_NONNULL = YES;
				CLANG_ANALYZER_NUMBER_OBJECT_CONVERSION = YES_AGGRESSIVE;
				CLANG_CXX_LANGUAGE_STANDARD = "gnu++14";
				CLANG_CXX_LIBRARY = "libc++";
				CLANG_ENABLE_MODULES = YES;
				CLANG_ENABLE_OBJC_ARC = YES;
				CLANG_ENABLE_OBJC_WEAK = YES;
				CLANG_WARN_BLOCK_CAPTURE_AUTORELEASING = YES;
				CLANG_WARN_BOOL_CONVERSION = YES;
				CLANG_WARN_COMMA = YES;
				CLANG_WARN_CONSTANT_CONVERSION = YES;
				CLANG_WARN_DEPRECATED_OBJC_IMPLEMENTATIONS = YES;
				CLANG_WARN_DIRECT_OBJC_ISA_USAGE = YES_ERROR;
				CLANG_WARN_DOCUMENTATION_COMMENTS = YES;
				CLANG_WARN_EMPTY_BODY = YES;
				CLANG_WARN_ENUM_CONVERSION = YES;
				CLANG_WARN_INFINITE_RECURSION = YES;
				CLANG_WARN_INT_CONVERSION = YES;
				CLANG_WARN_NON_LITERAL_NULL_CONVERSION = YES;
				CLANG_WARN_OBJC_IMPLICIT_RETAIN_SELF = YES;
				CLANG_WARN_OBJC_LITERAL_CONVERSION = YES;
				CLANG_WARN_OBJC_ROOT_CLASS = YES_ERROR;
				CLANG_WARN_RANGE_LOOP_ANALYSIS = YES;
				CLANG_WARN_STRICT_PROTOTYPES = YES;
				CLANG_WARN_SUSPICIOUS_MOVE = YES;
				CLANG_WARN_UNGUARDED_AVAILABILITY = YES_AGGRESSIVE;
				CLANG_WARN_UNREACHABLE_CODE = YES;
				CLANG_WARN__DUPLICATE_METHOD_MATCH = YES;
				CODE_SIGN_IDENTITY = "iPhone Developer";
				COPY_PHASE_STRIP = NO;
				DEBUG_INFORMATION_FORMAT = "dwarf-with-dsym";
				ENABLE_NS_ASSERTIONS = NO;
				ENABLE_STRICT_OBJC_MSGSEND = YES;
				GCC_C_LANGUAGE_STANDARD = gnu11;
				GCC_NO_COMMON_BLOCKS = YES;
				GCC_WARN_64_TO_32_BIT_CONVERSION = YES;
				GCC_WARN_ABOUT_RETURN_TYPE = YES_ERROR;
				GCC_WARN_UNDECLARED_SELECTOR = YES;
				GCC_WARN_UNINITIALIZED_AUTOS = YES_AGGRESSIVE;
				GCC_WARN_UNUSED_FUNCTION = YES;
				GCC_WARN_UNUSED_VARIABLE = YES;
				IPHONEOS_DEPLOYMENT_TARGET = 15.0;
				MTL_ENABLE_DEBUG_INFO = NO;
				MTL_FAST_MATH = YES;
				SDKROOT = iphoneos;
				SWIFT_COMPILATION_MODE = wholemodule;
				SWIFT_OPTIMIZATION_LEVEL = "-O";
				VALIDATE_PRODUCT = YES;
			};
			name = Release;
		};
		AC10BCB52293F9EF0086E59F /* Debug */ = {
			isa = XCBuildConfiguration;
			buildSettings = {
				ASSETCATALOG_COMPILER_APPICON_NAME = AppIcon;
				CODE_SIGN_STYLE = Automatic;
				INFOPLIST_FILE = DreamBrokerTest/Info.plist;
				LD_RUNPATH_SEARCH_PATHS = (
					"$(inherited)",
					"@executable_path/Frameworks",
				);
				PRODUCT_BUNDLE_IDENTIFIER = io.github.nsartem.DreamBrokerTest;
				PRODUCT_NAME = "$(TARGET_NAME)";
				SWIFT_VERSION = 5.0;
				TARGETED_DEVICE_FAMILY = "1,2";
			};
			name = Debug;
		};
		AC10BCB62293F9EF0086E59F /* Release */ = {
			isa = XCBuildConfiguration;
			buildSettings = {
				ASSETCATALOG_COMPILER_APPICON_NAME = AppIcon;
				CODE_SIGN_STYLE = Automatic;
				INFOPLIST_FILE = DreamBrokerTest/Info.plist;
				LD_RUNPATH_SEARCH_PATHS = (
					"$(inherited)",
					"@executable_path/Frameworks",
				);
				PRODUCT_BUNDLE_IDENTIFIER = io.github.nsartem.DreamBrokerTest;
				PRODUCT_NAME = "$(TARGET_NAME)";
				SWIFT_VERSION = 5.0;
				TARGETED_DEVICE_FAMILY = "1,2";
			};
			name = Release;
		};
/* End XCBuildConfiguration section */

/* Begin XCConfigurationList section */
		AC10BC9D2293F9EE0086E59F /* Build configuration list for PBXProject "DreamBrokerTest" */ = {
			isa = XCConfigurationList;
			buildConfigurations = (
				AC10BCB22293F9EF0086E59F /* Debug */,
				AC10BCB32293F9EF0086E59F /* Release */,
			);
			defaultConfigurationIsVisible = 0;
			defaultConfigurationName = Release;
		};
		AC10BCB42293F9EF0086E59F /* Build configuration list for PBXNativeTarget "DreamBrokerTest" */ = {
			isa = XCConfigurationList;
			buildConfigurations = (
				AC10BCB52293F9EF0086E59F /* Debug */,
				AC10BCB62293F9EF0086E59F /* Release */,
			);
			defaultConfigurationIsVisible = 0;
			defaultConfigurationName = Release;
		};
/* End XCConfigurationList section */

/* Begin XCRemoteSwiftPackageReference section */
		AC186EAF27A4DF84009E65DF /* XCRemoteSwiftPackageReference "Kingfisher" */ = {
			isa = XCRemoteSwiftPackageReference;
			repositoryURL = "https://github.com/onevcat/Kingfisher";
			requirement = {
				kind = upToNextMajorVersion;
				minimumVersion = 7.0.0;
			};
		};
/* End XCRemoteSwiftPackageReference section */

/* Begin XCSwiftPackageProductDependency section */
		AC186EB027A4DF84009E65DF /* Kingfisher */ = {
			isa = XCSwiftPackageProductDependency;
			package = AC186EAF27A4DF84009E65DF /* XCRemoteSwiftPackageReference "Kingfisher" */;
			productName = Kingfisher;
		};
/* End XCSwiftPackageProductDependency section */
	};
	rootObject = AC10BC9A2293F9EE0086E59F /* Project object */;
}
